
Microsoft Visual Studio Solution File, Format Version 12.00
# Visual Studio Version 16
VisualStudioVersion = 16.0.28531.58
MinimumVisualStudioVersion = 10.0.40219.1
Project("{FAE04EC0-301F-11D3-BF4B-00C04F79EFBC}") = "ConsoleApp1", "ConsoleApp1.csproj", "{8345A0B7-AFF3-4A07-B813-3E627D5F8A4D}"
EndProject
Global
	GlobalSection(SolutionConfigurationPlatforms) = preSolution
		Debug|Any CPU = Debug|Any CPU
		Release|Any CPU = Release|Any CPU
	EndGlobalSection
	GlobalSection(ProjectConfigurationPlatforms) = postSolution
		{8345A0B7-AFF3-4A07-B813-3E627D5F8A4D}.Debug|Any CPU.ActiveCfg = Debug|Any CPU
		{8345A0B7-AFF3-4A07-B813-3E627D5F8A4D}.Debug|Any CPU.Build.0 = Debug|Any CPU
		{8345A0B7-AFF3-4A07-B813-3E627D5F8A4D}.Release|Any CPU.ActiveCfg = Release|Any CPU
		{8345A0B7-AFF3-4A07-B813-3E627D5F8A4D}.Release|Any CPU.Build.0 = Release|Any CPU
	EndGlobalSection
	GlobalSection(SolutionProperties) = preSolution
		HideSolutionNode = FALSE
	EndGlobalSection
	GlobalSection(ExtensibilityGlobals) = postSolution
		SolutionGuid = {2CB642B2-07AD-40A2-8226-6FBE2AB7C61C}
	EndGlobalSection
EndGlobal
